
Microsoft Visual Studio Solution File, Format Version 12.00
# Visual Studio Version 17
VisualStudioVersion = 17.3.32929.385
MinimumVisualStudioVersion = 10.0.40219.1
Project("{FAE04EC0-301F-11D3-BF4B-00C04F79EFBC}") = "ConsoleApp1", "ConsoleApp1\ConsoleApp1.csproj", "{5AEF1FE7-24AF-49FD-B5D3-F1FFF0847EE9}"
EndProject
Global
	GlobalSection(SolutionConfigurationPlatforms) = preSolution
		Debug|Any CPU = Debug|Any CPU
		Release|Any CPU = Release|Any CPU
	EndGlobalSection
	GlobalSection(ProjectConfigurationPlatforms) = postSolution
		{5AEF1FE7-24AF-49FD-B5D3-F1FFF0847EE9}.Debug|Any CPU.ActiveCfg = Debug|Any CPU
		{5AEF1FE7-24AF-49FD-B5D3-F1FFF0847EE9}.Debug|Any CPU.Build.0 = Debug|Any CPU
		{5AEF1FE7-24AF-49FD-B5D3-F1FFF0847EE9}.Release|Any CPU.ActiveCfg = Release|Any CPU
		{5AEF1FE7-24AF-49FD-B5D3-F1FFF0847EE9}.Release|Any CPU.Build.0 = Release|Any CPU
	EndGlobalSection
	GlobalSection(SolutionProperties) = preSolution
		HideSolutionNode = FALSE
	EndGlobalSection
	GlobalSection(ExtensibilityGlobals) = postSolution
		SolutionGuid = {D51AABC9-A327-4A09-8F81-8C0A48078770}
	EndGlobalSection
EndGlobal
